
Microsoft Visual Studio Solution File, Format Version 12.00
# Visual Studio Version 17
VisualStudioVersion = 17.12.35707.178
MinimumVisualStudioVersion = 10.0.40219.1
Project("{FAE04EC0-301F-11D3-BF4B-00C04F79EFBC}") = "Repository", "DataModels\Repository.csproj", "{C8AA31F9-0A12-4F19-BBFE-1F4A3E3FB34B}"
EndProject
Project("{FAE04EC0-301F-11D3-BF4B-00C04F79EFBC}") = "InventoryBlazorHybrid", "InventoryBlazorHybrid\InventoryBlazorHybrid.csproj", "{8E099970-4160-499E-BDAA-49E6BCE99E56}"
EndProject
Project("{FAE04EC0-301F-11D3-BF4B-00C04F79EFBC}") = "InventoryAppAvalonia", "InventoryAvalonia\InventoryAppAvalonia.csproj", "{11E523CB-D222-4FC9-A710-9E5F01924DDA}"
EndProject
Project("{FAE04EC0-301F-11D3-BF4B-00C04F79EFBC}") = "InventoryWPF", "InventoryWPF\InventoryWPF.csproj", "{A9198CC3-CC1E-4087-8E3B-C76D031EB073}"
EndProject
Project("{FAE04EC0-301F-11D3-BF4B-00C04F79EFBC}") = "InventoryMaui", "InventoryMaui\InventoryMaui.csproj", "{4531D315-C0E6-4259-A272-5EB85104B0F5}"
EndProject
Global
	GlobalSection(SolutionConfigurationPlatforms) = preSolution
		Debug|Any CPU = Debug|Any CPU
		Debug|ARM64 = Debug|ARM64
		Debug|x64 = Debug|x64
		Debug|x86 = Debug|x86
		Release|Any CPU = Release|Any CPU
		Release|ARM64 = Release|ARM64
		Release|x64 = Release|x64
		Release|x86 = Release|x86
	EndGlobalSection
	GlobalSection(ProjectConfigurationPlatforms) = postSolution
		{C8AA31F9-0A12-4F19-BBFE-1F4A3E3FB34B}.Debug|Any CPU.ActiveCfg = Debug|Any CPU
		{C8AA31F9-0A12-4F19-BBFE-1F4A3E3FB34B}.Debug|Any CPU.Build.0 = Debug|Any CPU
		{C8AA31F9-0A12-4F19-BBFE-1F4A3E3FB34B}.Debug|ARM64.ActiveCfg = Debug|Any CPU
		{C8AA31F9-0A12-4F19-BBFE-1F4A3E3FB34B}.Debug|ARM64.Build.0 = Debug|Any CPU
		{C8AA31F9-0A12-4F19-BBFE-1F4A3E3FB34B}.Debug|x64.ActiveCfg = Debug|Any CPU
		{C8AA31F9-0A12-4F19-BBFE-1F4A3E3FB34B}.Debug|x64.Build.0 = Debug|Any CPU
		{C8AA31F9-0A12-4F19-BBFE-1F4A3E3FB34B}.Debug|x86.ActiveCfg = Debug|Any CPU
		{C8AA31F9-0A12-4F19-BBFE-1F4A3E3FB34B}.Debug|x86.Build.0 = Debug|Any CPU
		{C8AA31F9-0A12-4F19-BBFE-1F4A3E3FB34B}.Release|Any CPU.ActiveCfg = Release|Any CPU
		{C8AA31F9-0A12-4F19-BBFE-1F4A3E3FB34B}.Release|Any CPU.Build.0 = Release|Any CPU
		{C8AA31F9-0A12-4F19-BBFE-1F4A3E3FB34B}.Release|ARM64.ActiveCfg = Release|Any CPU
		{C8AA31F9-0A12-4F19-BBFE-1F4A3E3FB34B}.Release|ARM64.Build.0 = Release|Any CPU
		{C8AA31F9-0A12-4F19-BBFE-1F4A3E3FB34B}.Release|x64.ActiveCfg = Release|Any CPU
		{C8AA31F9-0A12-4F19-BBFE-1F4A3E3FB34B}.Release|x64.Build.0 = Release|Any CPU
		{C8AA31F9-0A12-4F19-BBFE-1F4A3E3FB34B}.Release|x86.ActiveCfg = Release|Any CPU
		{C8AA31F9-0A12-4F19-BBFE-1F4A3E3FB34B}.Release|x86.Build.0 = Release|Any CPU
		{8E099970-4160-499E-BDAA-49E6BCE99E56}.Debug|Any CPU.ActiveCfg = Debug|Any CPU
		{8E099970-4160-499E-BDAA-49E6BCE99E56}.Debug|Any CPU.Build.0 = Debug|Any CPU
		{8E099970-4160-499E-BDAA-49E6BCE99E56}.Debug|ARM64.ActiveCfg = Debug|Any CPU
		{8E099970-4160-499E-BDAA-49E6BCE99E56}.Debug|ARM64.Build.0 = Debug|Any CPU
		{8E099970-4160-499E-BDAA-49E6BCE99E56}.Debug|x64.ActiveCfg = Debug|Any CPU
		{8E099970-4160-499E-BDAA-49E6BCE99E56}.Debug|x64.Build.0 = Debug|Any CPU
		{8E099970-4160-499E-BDAA-49E6BCE99E56}.Debug|x86.ActiveCfg = Debug|Any CPU
		{8E099970-4160-499E-BDAA-49E6BCE99E56}.Debug|x86.Build.0 = Debug|Any CPU
		{8E099970-4160-499E-BDAA-49E6BCE99E56}.Release|Any CPU.ActiveCfg = Release|Any CPU
		{8E099970-4160-499E-BDAA-49E6BCE99E56}.Release|Any CPU.Build.0 = Release|Any CPU
		{8E099970-4160-499E-BDAA-49E6BCE99E56}.Release|ARM64.ActiveCfg = Release|Any CPU
		{8E099970-4160-499E-BDAA-49E6BCE99E56}.Release|ARM64.Build.0 = Release|Any CPU
		{8E099970-4160-499E-BDAA-49E6BCE99E56}.Release|x64.ActiveCfg = Release|Any CPU
		{8E099970-4160-499E-BDAA-49E6BCE99E56}.Release|x64.Build.0 = Release|Any CPU
		{8E099970-4160-499E-BDAA-49E6BCE99E56}.Release|x86.ActiveCfg = Release|Any CPU
		{8E099970-4160-499E-BDAA-49E6BCE99E56}.Release|x86.Build.0 = Release|Any CPU
		{11E523CB-D222-4FC9-A710-9E5F01924DDA}.Debug|Any CPU.ActiveCfg = Debug|Any CPU
		{11E523CB-D222-4FC9-A710-9E5F01924DDA}.Debug|Any CPU.Build.0 = Debug|Any CPU
		{11E523CB-D222-4FC9-A710-9E5F01924DDA}.Debug|ARM64.ActiveCfg = Debug|Any CPU
		{11E523CB-D222-4FC9-A710-9E5F01924DDA}.Debug|ARM64.Build.0 = Debug|Any CPU
		{11E523CB-D222-4FC9-A710-9E5F01924DDA}.Debug|x64.ActiveCfg = Debug|Any CPU
		{11E523CB-D222-4FC9-A710-9E5F01924DDA}.Debug|x64.Build.0 = Debug|Any CPU
		{11E523CB-D222-4FC9-A710-9E5F01924DDA}.Debug|x86.ActiveCfg = Debug|Any CPU
		{11E523CB-D222-4FC9-A710-9E5F01924DDA}.Debug|x86.Build.0 = Debug|Any CPU
		{11E523CB-D222-4FC9-A710-9E5F01924DDA}.Release|Any CPU.ActiveCfg = Release|Any CPU
		{11E523CB-D222-4FC9-A710-9E5F01924DDA}.Release|Any CPU.Build.0 = Release|Any CPU
		{11E523CB-D222-4FC9-A710-9E5F01924DDA}.Release|ARM64.ActiveCfg = Release|Any CPU
		{11E523CB-D222-4FC9-A710-9E5F01924DDA}.Release|ARM64.Build.0 = Release|Any CPU
		{11E523CB-D222-4FC9-A710-9E5F01924DDA}.Release|x64.ActiveCfg = Release|Any CPU
		{11E523CB-D222-4FC9-A710-9E5F01924DDA}.Release|x64.Build.0 = Release|Any CPU
		{11E523CB-D222-4FC9-A710-9E5F01924DDA}.Release|x86.ActiveCfg = Release|Any CPU
		{11E523CB-D222-4FC9-A710-9E5F01924DDA}.Release|x86.Build.0 = Release|Any CPU
		{A9198CC3-CC1E-4087-8E3B-C76D031EB073}.Debug|Any CPU.ActiveCfg = Debug|Any CPU
		{A9198CC3-CC1E-4087-8E3B-C76D031EB073}.Debug|Any CPU.Build.0 = Debug|Any CPU
		{A9198CC3-CC1E-4087-8E3B-C76D031EB073}.Debug|ARM64.ActiveCfg = Debug|Any CPU
		{A9198CC3-CC1E-4087-8E3B-C76D031EB073}.Debug|ARM64.Build.0 = Debug|Any CPU
		{A9198CC3-CC1E-4087-8E3B-C76D031EB073}.Debug|x64.ActiveCfg = Debug|Any CPU
		{A9198CC3-CC1E-4087-8E3B-C76D031EB073}.Debug|x64.Build.0 = Debug|Any CPU
		{A9198CC3-CC1E-4087-8E3B-C76D031EB073}.Debug|x86.ActiveCfg = Debug|Any CPU
		{A9198CC3-CC1E-4087-8E3B-C76D031EB073}.Debug|x86.Build.0 = Debug|Any CPU
		{A9198CC3-CC1E-4087-8E3B-C76D031EB073}.Release|Any CPU.ActiveCfg = Release|Any CPU
		{A9198CC3-CC1E-4087-8E3B-C76D031EB073}.Release|Any CPU.Build.0 = Release|Any CPU
		{A9198CC3-CC1E-4087-8E3B-C76D031EB073}.Release|ARM64.ActiveCfg = Release|Any CPU
		{A9198CC3-CC1E-4087-8E3B-C76D031EB073}.Release|ARM64.Build.0 = Release|Any CPU
		{A9198CC3-CC1E-4087-8E3B-C76D031EB073}.Release|x64.ActiveCfg = Release|Any CPU
		{A9198CC3-CC1E-4087-8E3B-C76D031EB073}.Release|x64.Build.0 = Release|Any CPU
		{A9198CC3-CC1E-4087-8E3B-C76D031EB073}.Release|x86.ActiveCfg = Release|Any CPU
		{A9198CC3-CC1E-4087-8E3B-C76D031EB073}.Release|x86.Build.0 = Release|Any CPU
		{4531D315-C0E6-4259-A272-5EB85104B0F5}.Debug|Any CPU.ActiveCfg = Debug|Any CPU
		{4531D315-C0E6-4259-A272-5EB85104B0F5}.Debug|Any CPU.Build.0 = Debug|Any CPU
		{4531D315-C0E6-4259-A272-5EB85104B0F5}.Debug|Any CPU.Deploy.0 = Debug|Any CPU
		{4531D315-C0E6-4259-A272-5EB85104B0F5}.Debug|ARM64.ActiveCfg = Debug|Any CPU
		{4531D315-C0E6-4259-A272-5EB85104B0F5}.Debug|ARM64.Build.0 = Debug|Any CPU
		{4531D315-C0E6-4259-A272-5EB85104B0F5}.Debug|x64.ActiveCfg = Debug|Any CPU
		{4531D315-C0E6-4259-A272-5EB85104B0F5}.Debug|x64.Build.0 = Debug|Any CPU
		{4531D315-C0E6-4259-A272-5EB85104B0F5}.Debug|x86.ActiveCfg = Debug|Any CPU
		{4531D315-C0E6-4259-A272-5EB85104B0F5}.Debug|x86.Build.0 = Debug|Any CPU
		{4531D315-C0E6-4259-A272-5EB85104B0F5}.Release|Any CPU.ActiveCfg = Release|Any CPU
		{4531D315-C0E6-4259-A272-5EB85104B0F5}.Release|Any CPU.Build.0 = Release|Any CPU
		{4531D315-C0E6-4259-A272-5EB85104B0F5}.Release|ARM64.ActiveCfg = Release|Any CPU
		{4531D315-C0E6-4259-A272-5EB85104B0F5}.Release|ARM64.Build.0 = Release|Any CPU
		{4531D315-C0E6-4259-A272-5EB85104B0F5}.Release|x64.ActiveCfg = Release|Any CPU
		{4531D315-C0E6-4259-A272-5EB85104B0F5}.Release|x64.Build.0 = Release|Any CPU
		{4531D315-C0E6-4259-A272-5EB85104B0F5}.Release|x86.ActiveCfg = Release|Any CPU
		{4531D315-C0E6-4259-A272-5EB85104B0F5}.Release|x86.Build.0 = Release|Any CPU
	EndGlobalSection
	GlobalSection(SolutionProperties) = preSolution
		HideSolutionNode = FALSE
	EndGlobalSection
	GlobalSection(ExtensibilityGlobals) = postSolution
		SolutionGuid = {FFF70335-0B82-4CCA-81A5-87E97B25C470}
	EndGlobalSection
EndGlobal
