
Microsoft Visual Studio Solution File, Format Version 12.00
# Visual Studio Version 17
VisualStudioVersion = 17.12.35707.178
MinimumVisualStudioVersion = 10.0.40219.1
Project("{FAE04EC0-301F-11D3-BF4B-00C04F79EFBC}") = "Repository", "DataModels\Repository.csproj", "{C8AA31F9-0A12-4F19-BBFE-1F4A3E3FB34B}"
EndProject
Project("{FAE04EC0-301F-11D3-BF4B-00C04F79EFBC}") = "InventoryBlazorHybrid", "InventoryBlazorHybrid\InventoryBlazorHybrid.csproj", "{8E099970-4160-499E-BDAA-49E6BCE99E56}"
EndProject
Project("{FAE04EC0-301F-11D3-BF4B-00C04F79EFBC}") = "InventoryBlazorWebAssembly", "InventoryBlazorWebAssembly\InventoryBlazorWebAssembly.csproj", "{9C5D8FD9-9231-4B42-A95A-564D0719B833}"
EndProject
Global
	GlobalSection(SolutionConfigurationPlatforms) = preSolution
		Debug|Any CPU = Debug|Any CPU
		Release|Any CPU = Release|Any CPU
	EndGlobalSection
	GlobalSection(ProjectConfigurationPlatforms) = postSolution
		{C8AA31F9-0A12-4F19-BBFE-1F4A3E3FB34B}.Debug|Any CPU.ActiveCfg = Debug|Any CPU
		{C8AA31F9-0A12-4F19-BBFE-1F4A3E3FB34B}.Debug|Any CPU.Build.0 = Debug|Any CPU
		{C8AA31F9-0A12-4F19-BBFE-1F4A3E3FB34B}.Release|Any CPU.ActiveCfg = Release|Any CPU
		{C8AA31F9-0A12-4F19-BBFE-1F4A3E3FB34B}.Release|Any CPU.Build.0 = Release|Any CPU
		{8E099970-4160-499E-BDAA-49E6BCE99E56}.Debug|Any CPU.ActiveCfg = Debug|Any CPU
		{8E099970-4160-499E-BDAA-49E6BCE99E56}.Debug|Any CPU.Build.0 = Debug|Any CPU
		{8E099970-4160-499E-BDAA-49E6BCE99E56}.Release|Any CPU.ActiveCfg = Release|Any CPU
		{8E099970-4160-499E-BDAA-49E6BCE99E56}.Release|Any CPU.Build.0 = Release|Any CPU
		{9C5D8FD9-9231-4B42-A95A-564D0719B833}.Debug|Any CPU.ActiveCfg = Debug|Any CPU
		{9C5D8FD9-9231-4B42-A95A-564D0719B833}.Debug|Any CPU.Build.0 = Debug|Any CPU
		{9C5D8FD9-9231-4B42-A95A-564D0719B833}.Release|Any CPU.ActiveCfg = Release|Any CPU
		{9C5D8FD9-9231-4B42-A95A-564D0719B833}.Release|Any CPU.Build.0 = Release|Any CPU
	EndGlobalSection
	GlobalSection(SolutionProperties) = preSolution
		HideSolutionNode = FALSE
	EndGlobalSection
EndGlobal
